{
  "name": "Web-Cam",
  "version": "1.0.0",
  "lockfileVersion": 3,
  "requires": true,
  "author": "",
  "description": "",
  "license": "ISC",
  "main": "app.js",
  "packages": {},
  "devDependencies": {
    "browser-sync": "^2.12.5",
    "eslint": "^9.13.0"
  },
  "script": {
    "start": "browser-sync start --server --files '*.css, *.html, *.js'"
  }
}
